
Microsoft Visual Studio Solution File, Format Version 12.00
# Visual Studio Version 17
VisualStudioVersion = 17.1.32228.430
MinimumVisualStudioVersion = 10.0.40219.1
Project("{FAE04EC0-301F-11D3-BF4B-00C04F79EFBC}") = "PublicCertificate", "PublicCertificate\PublicCertificate.csproj", "{C6386D65-99B0-40E1-8EF4-BE6C38949E23}"
EndProject
Global
	GlobalSection(SolutionConfigurationPlatforms) = preSolution
		Debug|Any CPU = Debug|Any CPU
		Release|Any CPU = Release|Any CPU
	EndGlobalSection
	GlobalSection(ProjectConfigurationPlatforms) = postSolution
		{C6386D65-99B0-40E1-8EF4-BE6C38949E23}.Debug|Any CPU.ActiveCfg = Debug|Any CPU
		{C6386D65-99B0-40E1-8EF4-BE6C38949E23}.Debug|Any CPU.Build.0 = Debug|Any CPU
		{C6386D65-99B0-40E1-8EF4-BE6C38949E23}.Release|Any CPU.ActiveCfg = Release|Any CPU
		{C6386D65-99B0-40E1-8EF4-BE6C38949E23}.Release|Any CPU.Build.0 = Release|Any CPU
	EndGlobalSection
	GlobalSection(SolutionProperties) = preSolution
		HideSolutionNode = FALSE
	EndGlobalSection
	GlobalSection(ExtensibilityGlobals) = postSolution
		SolutionGuid = {860DB525-50BB-42E4-B805-87F2376A3B81}
	EndGlobalSection
EndGlobal
